{
  "name": "rdndmb-html5-to-touch",
  "version": "7.0.0-alpha.1",
  "lockfileVersion": 2,
  "requires": true,
  "packages": {
    "": {
      "version": "7.0.0-alpha.1",
      "license": "MIT",
      "dependencies": {
        "dnd-multi-backend": "^7.0.0-alpha.1",
        "react-dnd-html5-backend": "^11.1.3",
        "react-dnd-touch-backend": "^11.1.3"
      }
    },
    "node_modules/@react-dnd/asap": {
      "version": "4.0.0",
      "resolved": "https://registry.npmjs.org/@react-dnd/asap/-/asap-4.0.0.tgz",
      "integrity": "sha512-0XhqJSc6pPoNnf8DhdsPHtUhRzZALVzYMTzRwV4VI6DJNJ/5xxfL9OQUwb8IH5/2x7lSf7nAZrnzUD+16VyOVQ=="
    },
    "node_modules/@react-dnd/invariant": {
      "version": "2.0.0",
      "resolved": "https://registry.npmjs.org/@react-dnd/invariant/-/invariant-2.0.0.tgz",
      "integrity": "sha512-xL4RCQBCBDJ+GRwKTFhGUW8GXa4yoDfJrPbLblc3U09ciS+9ZJXJ3Qrcs/x2IODOdIE5kQxvMmE2UKyqUictUw=="
    },
    "node_modules/dnd-core": {
      "version": "11.1.3",
      "resolved": "https://registry.npmjs.org/dnd-core/-/dnd-core-11.1.3.tgz",
      "integrity": "sha512-QugF55dNW+h+vzxVJ/LSJeTeUw9MCJ2cllhmVThVPEtF16ooBkxj0WBE5RB+AceFxMFo1rO6bJKXtqKl+JNnyA==",
      "dependencies": {
        "@react-dnd/asap": "^4.0.0",
        "@react-dnd/invariant": "^2.0.0",
        "redux": "^4.0.4"
      }
    },
    "node_modules/dnd-multi-backend": {
      "version": "7.0.0-alpha.1",
      "resolved": "https://registry.npmjs.org/dnd-multi-backend/-/dnd-multi-backend-7.0.0-alpha.1.tgz",
      "integrity": "sha512-ovykVTtM+LmMMVAHMk47fl5Ga/aGzspK6AbTOWT7daX9vOGr/Y4nBFiUou5Tp6Rdv+7eXMa9Ul5IN9JtSWkQrA=="
    },
    "node_modules/js-tokens": {
      "version": "4.0.0",
      "resolved": "https://registry.npmjs.org/js-tokens/-/js-tokens-4.0.0.tgz",
      "integrity": "sha512-RdJUflcE3cUzKiMqQgsCu06FPu9UdIJO0beYbPhHN4k6apgJtifcoCtT9bcxOpYBtpD2kCM6Sbzg4CausW/PKQ=="
    },
    "node_modules/loose-envify": {
      "version": "1.4.0",
      "resolved": "https://registry.npmjs.org/loose-envify/-/loose-envify-1.4.0.tgz",
      "integrity": "sha512-lyuxPGr/Wfhrlem2CL/UcnUc1zcqKAImBDzukY7Y5F/yQiNdko6+fRLevlw1HgMySw7f611UIY408EtxRSoK3Q==",
      "dependencies": {
        "js-tokens": "^3.0.0 || ^4.0.0"
      },
      "bin": {
        "loose-envify": "cli.js"
      }
    },
    "node_modules/react-dnd-html5-backend": {
      "version": "11.1.3",
      "resolved": "https://registry.npmjs.org/react-dnd-html5-backend/-/react-dnd-html5-backend-11.1.3.tgz",
      "integrity": "sha512-/1FjNlJbW/ivkUxlxQd7o3trA5DE33QiRZgxent3zKme8DwF4Nbw3OFVhTRFGaYhHFNL1rZt6Rdj1D78BjnNLw==",
      "dependencies": {
        "dnd-core": "^11.1.3"
      }
    },
    "node_modules/react-dnd-touch-backend": {
      "version": "11.1.3",
      "resolved": "https://registry.npmjs.org/react-dnd-touch-backend/-/react-dnd-touch-backend-11.1.3.tgz",
      "integrity": "sha512-8lz4fxfYwUuJ6Y2seQYwh8+OfwKcbBX0CIbz7AwXfBYz54Wg2nIDU6CP8Dyybt/Wyx4D3oXmTPEaOMB62uqJvQ==",
      "dependencies": {
        "@react-dnd/invariant": "^2.0.0",
        "dnd-core": "^11.1.3"
      }
    },
    "node_modules/redux": {
      "version": "4.0.5",
      "resolved": "https://registry.npmjs.org/redux/-/redux-4.0.5.tgz",
      "integrity": "sha512-VSz1uMAH24DM6MF72vcojpYPtrTUu3ByVWfPL1nPfVRb5mZVTve5GnNCUV53QM/BZ66xfWrm0CTWoM+Xlz8V1w==",
      "dependencies": {
        "loose-envify": "^1.4.0",
        "symbol-observable": "^1.2.0"
      }
    },
    "node_modules/symbol-observable": {
      "version": "1.2.0",
      "resolved": "https://registry.npmjs.org/symbol-observable/-/symbol-observable-1.2.0.tgz",
      "integrity": "sha512-e900nM8RRtGhlV36KGEU9k65K3mPb1WV70OdjfxlG2EAuM1noi/E/BaW/uMhL7bPEssK8QV57vN3esixjUvcXQ==",
      "engines": {
        "node": ">=0.10.0"
      }
    }
  },
  "dependencies": {
    "@react-dnd/asap": {
      "version": "4.0.0",
      "resolved": "https://registry.npmjs.org/@react-dnd/asap/-/asap-4.0.0.tgz",
      "integrity": "sha512-0XhqJSc6pPoNnf8DhdsPHtUhRzZALVzYMTzRwV4VI6DJNJ/5xxfL9OQUwb8IH5/2x7lSf7nAZrnzUD+16VyOVQ=="
    },
    "@react-dnd/invariant": {
      "version": "2.0.0",
      "resolved": "https://registry.npmjs.org/@react-dnd/invariant/-/invariant-2.0.0.tgz",
      "integrity": "sha512-xL4RCQBCBDJ+GRwKTFhGUW8GXa4yoDfJrPbLblc3U09ciS+9ZJXJ3Qrcs/x2IODOdIE5kQxvMmE2UKyqUictUw=="
    },
    "dnd-core": {
      "version": "11.1.3",
      "resolved": "https://registry.npmjs.org/dnd-core/-/dnd-core-11.1.3.tgz",
      "integrity": "sha512-QugF55dNW+h+vzxVJ/LSJeTeUw9MCJ2cllhmVThVPEtF16ooBkxj0WBE5RB+AceFxMFo1rO6bJKXtqKl+JNnyA==",
      "requires": {
        "@react-dnd/asap": "^4.0.0",
        "@react-dnd/invariant": "^2.0.0",
        "redux": "^4.0.4"
      }
    },
    "dnd-multi-backend": {
      "version": "7.0.0-alpha.1",
      "resolved": "https://registry.npmjs.org/dnd-multi-backend/-/dnd-multi-backend-7.0.0-alpha.1.tgz",
      "integrity": "sha512-ovykVTtM+LmMMVAHMk47fl5Ga/aGzspK6AbTOWT7daX9vOGr/Y4nBFiUou5Tp6Rdv+7eXMa9Ul5IN9JtSWkQrA=="
    },
    "js-tokens": {
      "version": "4.0.0",
      "resolved": "https://registry.npmjs.org/js-tokens/-/js-tokens-4.0.0.tgz",
      "integrity": "sha512-RdJUflcE3cUzKiMqQgsCu06FPu9UdIJO0beYbPhHN4k6apgJtifcoCtT9bcxOpYBtpD2kCM6Sbzg4CausW/PKQ=="
    },
    "loose-envify": {
      "version": "1.4.0",
      "resolved": "https://registry.npmjs.org/loose-envify/-/loose-envify-1.4.0.tgz",
      "integrity": "sha512-lyuxPGr/Wfhrlem2CL/UcnUc1zcqKAImBDzukY7Y5F/yQiNdko6+fRLevlw1HgMySw7f611UIY408EtxRSoK3Q==",
      "requires": {
        "js-tokens": "^3.0.0 || ^4.0.0"
      }
    },
    "react-dnd-html5-backend": {
      "version": "11.1.3",
      "resolved": "https://registry.npmjs.org/react-dnd-html5-backend/-/react-dnd-html5-backend-11.1.3.tgz",
      "integrity": "sha512-/1FjNlJbW/ivkUxlxQd7o3trA5DE33QiRZgxent3zKme8DwF4Nbw3OFVhTRFGaYhHFNL1rZt6Rdj1D78BjnNLw==",
      "requires": {
        "dnd-core": "^11.1.3"
      }
    },
    "react-dnd-touch-backend": {
      "version": "11.1.3",
      "resolved": "https://registry.npmjs.org/react-dnd-touch-backend/-/react-dnd-touch-backend-11.1.3.tgz",
      "integrity": "sha512-8lz4fxfYwUuJ6Y2seQYwh8+OfwKcbBX0CIbz7AwXfBYz54Wg2nIDU6CP8Dyybt/Wyx4D3oXmTPEaOMB62uqJvQ==",
      "requires": {
        "@react-dnd/invariant": "^2.0.0",
        "dnd-core": "^11.1.3"
      }
    },
    "redux": {
      "version": "4.0.5",
      "resolved": "https://registry.npmjs.org/redux/-/redux-4.0.5.tgz",
      "integrity": "sha512-VSz1uMAH24DM6MF72vcojpYPtrTUu3ByVWfPL1nPfVRb5mZVTve5GnNCUV53QM/BZ66xfWrm0CTWoM+Xlz8V1w==",
      "requires": {
        "loose-envify": "^1.4.0",
        "symbol-observable": "^1.2.0"
      }
    },
    "symbol-observable": {
      "version": "1.2.0",
      "resolved": "https://registry.npmjs.org/symbol-observable/-/symbol-observable-1.2.0.tgz",
      "integrity": "sha512-e900nM8RRtGhlV36KGEU9k65K3mPb1WV70OdjfxlG2EAuM1noi/E/BaW/uMhL7bPEssK8QV57vN3esixjUvcXQ=="
    }
  }
}
