{
  "name": "react-dnd-preview",
  "version": "7.0.0-alpha.1",
  "lockfileVersion": 2,
  "requires": true,
  "packages": {
    "": {
      "version": "7.0.0-alpha.1",
      "license": "MIT",
      "peerDependencies": {
        "react": "^17.0.2",
        "react-dnd": "^14.0.2"
      }
    },
    "node_modules/@react-dnd/asap": {
      "version": "4.0.0",
      "resolved": "https://registry.npmjs.org/@react-dnd/asap/-/asap-4.0.0.tgz",
      "integrity": "sha512-0XhqJSc6pPoNnf8DhdsPHtUhRzZALVzYMTzRwV4VI6DJNJ/5xxfL9OQUwb8IH5/2x7lSf7nAZrnzUD+16VyOVQ==",
      "peer": true
    },
    "node_modules/@react-dnd/invariant": {
      "version": "2.0.0",
      "resolved": "https://registry.npmjs.org/@react-dnd/invariant/-/invariant-2.0.0.tgz",
      "integrity": "sha512-xL4RCQBCBDJ+GRwKTFhGUW8GXa4yoDfJrPbLblc3U09ciS+9ZJXJ3Qrcs/x2IODOdIE5kQxvMmE2UKyqUictUw==",
      "peer": true
    },
    "node_modules/@react-dnd/shallowequal": {
      "version": "2.0.0",
      "resolved": "https://registry.npmjs.org/@react-dnd/shallowequal/-/shallowequal-2.0.0.tgz",
      "integrity": "sha512-Pc/AFTdwZwEKJxFJvlxrSmGe/di+aAOBn60sremrpLo6VI/6cmiUYNNwlI5KNYttg7uypzA3ILPMPgxB2GYZEg==",
      "peer": true
    },
    "node_modules/dnd-core": {
      "version": "14.0.0",
      "resolved": "https://registry.npmjs.org/dnd-core/-/dnd-core-14.0.0.tgz",
      "integrity": "sha512-wTDYKyjSqWuYw3ZG0GJ7k+UIfzxTNoZLjDrut37PbcPGNfwhlKYlPUqjAKUjOOv80izshUiqusaKgJPItXSevA==",
      "peer": true,
      "dependencies": {
        "@react-dnd/asap": "^4.0.0",
        "@react-dnd/invariant": "^2.0.0",
        "redux": "^4.0.5"
      }
    },
    "node_modules/fast-deep-equal": {
      "version": "3.1.3",
      "resolved": "https://registry.npmjs.org/fast-deep-equal/-/fast-deep-equal-3.1.3.tgz",
      "integrity": "sha512-f3qQ9oQy9j2AhBe/H9VC91wLmKBCCU/gDOnKNAYG5hswO7BLKj09Hc5HYNz9cGI++xlpDCIgDaitVs03ATR84Q==",
      "peer": true
    },
    "node_modules/hoist-non-react-statics": {
      "version": "3.3.2",
      "resolved": "https://registry.npmjs.org/hoist-non-react-statics/-/hoist-non-react-statics-3.3.2.tgz",
      "integrity": "sha512-/gGivxi8JPKWNm/W0jSmzcMPpfpPLc3dY/6GxhX2hQ9iGj3aDfklV4ET7NjKpSinLpJ5vafa9iiGIEZg10SfBw==",
      "peer": true,
      "dependencies": {
        "react-is": "^16.7.0"
      }
    },
    "node_modules/js-tokens": {
      "version": "4.0.0",
      "resolved": "https://registry.npmjs.org/js-tokens/-/js-tokens-4.0.0.tgz",
      "integrity": "sha512-RdJUflcE3cUzKiMqQgsCu06FPu9UdIJO0beYbPhHN4k6apgJtifcoCtT9bcxOpYBtpD2kCM6Sbzg4CausW/PKQ==",
      "peer": true
    },
    "node_modules/loose-envify": {
      "version": "1.4.0",
      "resolved": "https://registry.npmjs.org/loose-envify/-/loose-envify-1.4.0.tgz",
      "integrity": "sha512-lyuxPGr/Wfhrlem2CL/UcnUc1zcqKAImBDzukY7Y5F/yQiNdko6+fRLevlw1HgMySw7f611UIY408EtxRSoK3Q==",
      "peer": true,
      "dependencies": {
        "js-tokens": "^3.0.0 || ^4.0.0"
      },
      "bin": {
        "loose-envify": "cli.js"
      }
    },
    "node_modules/object-assign": {
      "version": "4.1.1",
      "resolved": "https://registry.npmjs.org/object-assign/-/object-assign-4.1.1.tgz",
      "integrity": "sha1-IQmtx5ZYh8/AXLvUQsrIv7s2CGM=",
      "peer": true,
      "engines": {
        "node": ">=0.10.0"
      }
    },
    "node_modules/react": {
      "version": "17.0.2",
      "resolved": "https://registry.npmjs.org/react/-/react-17.0.2.tgz",
      "integrity": "sha512-gnhPt75i/dq/z3/6q/0asP78D0u592D5L1pd7M8P+dck6Fu/jJeL6iVVK23fptSUZj8Vjf++7wXA8UNclGQcbA==",
      "peer": true,
      "dependencies": {
        "loose-envify": "^1.1.0",
        "object-assign": "^4.1.1"
      },
      "engines": {
        "node": ">=0.10.0"
      }
    },
    "node_modules/react-dnd": {
      "version": "14.0.2",
      "resolved": "https://registry.npmjs.org/react-dnd/-/react-dnd-14.0.2.tgz",
      "integrity": "sha512-JoEL78sBCg8SzjOKMlkR70GWaPORudhWuTNqJ56lb2P8Vq0eM2+er3ZrMGiSDhOmzaRPuA9SNBz46nHCrjn11A==",
      "peer": true,
      "dependencies": {
        "@react-dnd/invariant": "^2.0.0",
        "@react-dnd/shallowequal": "^2.0.0",
        "dnd-core": "14.0.0",
        "fast-deep-equal": "^3.1.3",
        "hoist-non-react-statics": "^3.3.2"
      },
      "peerDependencies": {
        "@types/hoist-non-react-statics": ">= 3.3.1",
        "@types/node": ">= 12",
        "@types/react": ">= 16",
        "react": ">= 16.14"
      },
      "peerDependenciesMeta": {
        "@types/hoist-non-react-statics": {
          "optional": true
        },
        "@types/node": {
          "optional": true
        },
        "@types/react": {
          "optional": true
        }
      }
    },
    "node_modules/react-is": {
      "version": "16.13.1",
      "resolved": "https://registry.npmjs.org/react-is/-/react-is-16.13.1.tgz",
      "integrity": "sha512-24e6ynE2H+OKt4kqsOvNd8kBpV65zoxbA4BVsEOB3ARVWQki/DHzaUoC5KuON/BiccDaCCTZBuOcfZs70kR8bQ==",
      "peer": true
    },
    "node_modules/redux": {
      "version": "4.0.5",
      "resolved": "https://registry.npmjs.org/redux/-/redux-4.0.5.tgz",
      "integrity": "sha512-VSz1uMAH24DM6MF72vcojpYPtrTUu3ByVWfPL1nPfVRb5mZVTve5GnNCUV53QM/BZ66xfWrm0CTWoM+Xlz8V1w==",
      "peer": true,
      "dependencies": {
        "loose-envify": "^1.4.0",
        "symbol-observable": "^1.2.0"
      }
    },
    "node_modules/symbol-observable": {
      "version": "1.2.0",
      "resolved": "https://registry.npmjs.org/symbol-observable/-/symbol-observable-1.2.0.tgz",
      "integrity": "sha512-e900nM8RRtGhlV36KGEU9k65K3mPb1WV70OdjfxlG2EAuM1noi/E/BaW/uMhL7bPEssK8QV57vN3esixjUvcXQ==",
      "peer": true,
      "engines": {
        "node": ">=0.10.0"
      }
    }
  },
  "dependencies": {
    "@react-dnd/asap": {
      "version": "4.0.0",
      "resolved": "https://registry.npmjs.org/@react-dnd/asap/-/asap-4.0.0.tgz",
      "integrity": "sha512-0XhqJSc6pPoNnf8DhdsPHtUhRzZALVzYMTzRwV4VI6DJNJ/5xxfL9OQUwb8IH5/2x7lSf7nAZrnzUD+16VyOVQ==",
      "peer": true
    },
    "@react-dnd/invariant": {
      "version": "2.0.0",
      "resolved": "https://registry.npmjs.org/@react-dnd/invariant/-/invariant-2.0.0.tgz",
      "integrity": "sha512-xL4RCQBCBDJ+GRwKTFhGUW8GXa4yoDfJrPbLblc3U09ciS+9ZJXJ3Qrcs/x2IODOdIE5kQxvMmE2UKyqUictUw==",
      "peer": true
    },
    "@react-dnd/shallowequal": {
      "version": "2.0.0",
      "resolved": "https://registry.npmjs.org/@react-dnd/shallowequal/-/shallowequal-2.0.0.tgz",
      "integrity": "sha512-Pc/AFTdwZwEKJxFJvlxrSmGe/di+aAOBn60sremrpLo6VI/6cmiUYNNwlI5KNYttg7uypzA3ILPMPgxB2GYZEg==",
      "peer": true
    },
    "dnd-core": {
      "version": "14.0.0",
      "resolved": "https://registry.npmjs.org/dnd-core/-/dnd-core-14.0.0.tgz",
      "integrity": "sha512-wTDYKyjSqWuYw3ZG0GJ7k+UIfzxTNoZLjDrut37PbcPGNfwhlKYlPUqjAKUjOOv80izshUiqusaKgJPItXSevA==",
      "peer": true,
      "requires": {
        "@react-dnd/asap": "^4.0.0",
        "@react-dnd/invariant": "^2.0.0",
        "redux": "^4.0.5"
      }
    },
    "fast-deep-equal": {
      "version": "3.1.3",
      "resolved": "https://registry.npmjs.org/fast-deep-equal/-/fast-deep-equal-3.1.3.tgz",
      "integrity": "sha512-f3qQ9oQy9j2AhBe/H9VC91wLmKBCCU/gDOnKNAYG5hswO7BLKj09Hc5HYNz9cGI++xlpDCIgDaitVs03ATR84Q==",
      "peer": true
    },
    "hoist-non-react-statics": {
      "version": "3.3.2",
      "resolved": "https://registry.npmjs.org/hoist-non-react-statics/-/hoist-non-react-statics-3.3.2.tgz",
      "integrity": "sha512-/gGivxi8JPKWNm/W0jSmzcMPpfpPLc3dY/6GxhX2hQ9iGj3aDfklV4ET7NjKpSinLpJ5vafa9iiGIEZg10SfBw==",
      "peer": true,
      "requires": {
        "react-is": "^16.7.0"
      }
    },
    "js-tokens": {
      "version": "4.0.0",
      "resolved": "https://registry.npmjs.org/js-tokens/-/js-tokens-4.0.0.tgz",
      "integrity": "sha512-RdJUflcE3cUzKiMqQgsCu06FPu9UdIJO0beYbPhHN4k6apgJtifcoCtT9bcxOpYBtpD2kCM6Sbzg4CausW/PKQ==",
      "peer": true
    },
    "loose-envify": {
      "version": "1.4.0",
      "resolved": "https://registry.npmjs.org/loose-envify/-/loose-envify-1.4.0.tgz",
      "integrity": "sha512-lyuxPGr/Wfhrlem2CL/UcnUc1zcqKAImBDzukY7Y5F/yQiNdko6+fRLevlw1HgMySw7f611UIY408EtxRSoK3Q==",
      "peer": true,
      "requires": {
        "js-tokens": "^3.0.0 || ^4.0.0"
      }
    },
    "object-assign": {
      "version": "4.1.1",
      "resolved": "https://registry.npmjs.org/object-assign/-/object-assign-4.1.1.tgz",
      "integrity": "sha1-IQmtx5ZYh8/AXLvUQsrIv7s2CGM=",
      "peer": true
    },
    "react": {
      "version": "17.0.2",
      "resolved": "https://registry.npmjs.org/react/-/react-17.0.2.tgz",
      "integrity": "sha512-gnhPt75i/dq/z3/6q/0asP78D0u592D5L1pd7M8P+dck6Fu/jJeL6iVVK23fptSUZj8Vjf++7wXA8UNclGQcbA==",
      "peer": true,
      "requires": {
        "loose-envify": "^1.1.0",
        "object-assign": "^4.1.1"
      }
    },
    "react-dnd": {
      "version": "14.0.2",
      "resolved": "https://registry.npmjs.org/react-dnd/-/react-dnd-14.0.2.tgz",
      "integrity": "sha512-JoEL78sBCg8SzjOKMlkR70GWaPORudhWuTNqJ56lb2P8Vq0eM2+er3ZrMGiSDhOmzaRPuA9SNBz46nHCrjn11A==",
      "peer": true,
      "requires": {
        "@react-dnd/invariant": "^2.0.0",
        "@react-dnd/shallowequal": "^2.0.0",
        "dnd-core": "14.0.0",
        "fast-deep-equal": "^3.1.3",
        "hoist-non-react-statics": "^3.3.2"
      }
    },
    "react-is": {
      "version": "16.13.1",
      "resolved": "https://registry.npmjs.org/react-is/-/react-is-16.13.1.tgz",
      "integrity": "sha512-24e6ynE2H+OKt4kqsOvNd8kBpV65zoxbA4BVsEOB3ARVWQki/DHzaUoC5KuON/BiccDaCCTZBuOcfZs70kR8bQ==",
      "peer": true
    },
    "redux": {
      "version": "4.0.5",
      "resolved": "https://registry.npmjs.org/redux/-/redux-4.0.5.tgz",
      "integrity": "sha512-VSz1uMAH24DM6MF72vcojpYPtrTUu3ByVWfPL1nPfVRb5mZVTve5GnNCUV53QM/BZ66xfWrm0CTWoM+Xlz8V1w==",
      "peer": true,
      "requires": {
        "loose-envify": "^1.4.0",
        "symbol-observable": "^1.2.0"
      }
    },
    "symbol-observable": {
      "version": "1.2.0",
      "resolved": "https://registry.npmjs.org/symbol-observable/-/symbol-observable-1.2.0.tgz",
      "integrity": "sha512-e900nM8RRtGhlV36KGEU9k65K3mPb1WV70OdjfxlG2EAuM1noi/E/BaW/uMhL7bPEssK8QV57vN3esixjUvcXQ==",
      "peer": true
    }
  }
}
