{
  "name": "react-dnd-multi-backend",
  "version": "3.1.2",
  "lockfileVersion": 1,
  "requires": true,
  "dependencies": {
    "@types/invariant": {
      "version": "2.2.29",
      "resolved": "https://registry.npmjs.org/@types/invariant/-/invariant-2.2.29.tgz",
      "integrity": "sha512-lRVw09gOvgviOfeUrKc/pmTiRZ7g7oDOU6OAutyuSHpm1/o2RaBQvRhgK8QEdu+FFuw/wnWb29A/iuxv9i8OpQ=="
    },
    "@types/lodash": {
      "version": "4.14.109",
      "resolved": "https://registry.npmjs.org/@types/lodash/-/lodash-4.14.109.tgz",
      "integrity": "sha512-hop8SdPUEzbcJm6aTsmuwjIYQo1tqLseKCM+s2bBqTU2gErwI4fE+aqUVOlscPSQbKHKgtMMPoC+h4AIGOJYvw=="
    },
    "@types/node": {
      "version": "10.3.2",
      "resolved": "https://registry.npmjs.org/@types/node/-/node-10.3.2.tgz",
      "integrity": "sha512-9NfEUDp3tgRhmoxzTpTo+lq+KIVFxZahuRX0LHF/9IzKHaWuoWsIrrJ61zw5cnnlGINX8lqJzXYfQTOICS5Q+A=="
    },
    "@types/prop-types": {
      "version": "15.5.3",
      "resolved": "https://registry.npmjs.org/@types/prop-types/-/prop-types-15.5.3.tgz",
      "integrity": "sha512-sfjHrNF4zWRv3fJUGyZW46wVxhYJ/GeWIPdKxbnLIhY3bWR0Ncl2kIhZI7rpjY9KtUQAkDP8jWEmaGQGFFvruA=="
    },
    "@types/react": {
      "version": "16.3.17",
      "resolved": "https://registry.npmjs.org/@types/react/-/react-16.3.17.tgz",
      "integrity": "sha512-f2ZTOSF7l9sRdXSbzLI84Z2wsVnj3qUjfJhtDLSi7lTWFMo1WSou7eQ2vkQga8100zhzzDjSyGbj+Viz7i927g==",
      "requires": {
        "csstype": "2.5.3"
      }
    },
    "@types/react-dom": {
      "version": "16.0.6",
      "resolved": "https://registry.npmjs.org/@types/react-dom/-/react-dom-16.0.6.tgz",
      "integrity": "sha512-M+1zmwa5KxUpkCuxA4whlDJKYTGNvNQW4pIoCLH16xGbClicD9CzPry4y94kTjCCk/bJZCZ/GVqUsP7eKcO/mQ==",
      "requires": {
        "@types/node": "10.3.2",
        "@types/react": "16.3.17"
      }
    },
    "@types/shallowequal": {
      "version": "0.2.2",
      "resolved": "https://registry.npmjs.org/@types/shallowequal/-/shallowequal-0.2.2.tgz",
      "integrity": "sha512-cXsrmXxB3ncbQ37Z51vgYdGyJFUMErUUo8LmzQoMiAj2JLi97OzEPtiQyIrMmQm/BatUR9L6y+b+F2dMugTNiA=="
    },
    "asap": {
      "version": "2.0.6",
      "resolved": "https://registry.npmjs.org/asap/-/asap-2.0.6.tgz",
      "integrity": "sha1-5QNHYR1+aQlDIIu9r+vLwvuGbUY="
    },
    "autobind-decorator": {
      "version": "2.1.0",
      "resolved": "https://registry.npmjs.org/autobind-decorator/-/autobind-decorator-2.1.0.tgz",
      "integrity": "sha512-bgyxeRi1R2Q8kWpHsb1c+lXCulbIAHsyZRddaS+agAUX3hFUVZMociwvRgeZi1zWvfqEEjybSv4zxWvFV8ydQQ=="
    },
    "core-js": {
      "version": "1.2.7",
      "resolved": "https://registry.npmjs.org/core-js/-/core-js-1.2.7.tgz",
      "integrity": "sha1-ZSKUwUZR2yj6k70tX/KYOk8IxjY="
    },
    "csstype": {
      "version": "2.5.3",
      "resolved": "https://registry.npmjs.org/csstype/-/csstype-2.5.3.tgz",
      "integrity": "sha512-G5HnoK8nOiAq3DXIEoY2n/8Vb7Lgrms+jGJl8E4EJpQEeVONEnPFJSl8IK505wPBoxxtrtHhrRm4WX2GgdqarA=="
    },
    "disposables": {
      "version": "1.0.2",
      "resolved": "https://registry.npmjs.org/disposables/-/disposables-1.0.2.tgz",
      "integrity": "sha1-NsamdEdfVaLWkTVnpgFETkh7S24="
    },
    "dnd-core": {
      "version": "4.0.4",
      "resolved": "https://registry.npmjs.org/dnd-core/-/dnd-core-4.0.4.tgz",
      "integrity": "sha1-wPu1yzuAbBRrvN/+5zP7rzQdocs=",
      "requires": {
        "@types/invariant": "2.2.29",
        "@types/lodash": "4.14.109",
        "asap": "2.0.6",
        "invariant": "2.2.4",
        "lodash": "4.17.10",
        "redux": "4.0.0"
      }
    },
    "dnd-multi-backend": {
      "version": "3.1.0"
    },
    "encoding": {
      "version": "0.1.12",
      "resolved": "https://registry.npmjs.org/encoding/-/encoding-0.1.12.tgz",
      "integrity": "sha1-U4tm8+5izRq1HsMjgp0flIDHS+s=",
      "requires": {
        "iconv-lite": "0.4.23"
      }
    },
    "fbjs": {
      "version": "0.8.16",
      "resolved": "https://registry.npmjs.org/fbjs/-/fbjs-0.8.16.tgz",
      "integrity": "sha1-XmdDL1UNxBtXK/VYR7ispk5TN9s=",
      "requires": {
        "core-js": "1.2.7",
        "isomorphic-fetch": "2.2.1",
        "loose-envify": "1.3.1",
        "object-assign": "4.1.1",
        "promise": "7.3.1",
        "setimmediate": "1.0.5",
        "ua-parser-js": "0.7.18"
      }
    },
    "hoist-non-react-statics": {
      "version": "2.5.0",
      "resolved": "https://registry.npmjs.org/hoist-non-react-statics/-/hoist-non-react-statics-2.5.0.tgz",
      "integrity": "sha512-6Bl6XsDT1ntE0lHbIhr4Kp2PGcleGZ66qu5Jqk8lc0Xc/IeG6gVLmwUGs/K0Us+L8VWoKgj0uWdPMataOsm31w=="
    },
    "iconv-lite": {
      "version": "0.4.23",
      "resolved": "https://registry.npmjs.org/iconv-lite/-/iconv-lite-0.4.23.tgz",
      "integrity": "sha512-neyTUVFtahjf0mB3dZT77u+8O0QB89jFdnBkd5P1JgYPbPaia3gXXOVL2fq8VyU2gMMD7SaN7QukTB/pmXYvDA==",
      "requires": {
        "safer-buffer": "2.1.2"
      }
    },
    "invariant": {
      "version": "2.2.4",
      "resolved": "https://registry.npmjs.org/invariant/-/invariant-2.2.4.tgz",
      "integrity": "sha512-phJfQVBuaJM5raOpJjSfkiD6BpbCE4Ns//LaXl6wGYtUBY83nWS6Rf9tXm2e8VaK60JEjYldbPif/A2B1C2gNA==",
      "requires": {
        "loose-envify": "1.3.1"
      }
    },
    "is-stream": {
      "version": "1.1.0",
      "resolved": "https://registry.npmjs.org/is-stream/-/is-stream-1.1.0.tgz",
      "integrity": "sha1-EtSj3U5o4Lec6428hBc66A2RykQ="
    },
    "isomorphic-fetch": {
      "version": "2.2.1",
      "resolved": "https://registry.npmjs.org/isomorphic-fetch/-/isomorphic-fetch-2.2.1.tgz",
      "integrity": "sha1-YRrhrPFPXoH3KVB0coGf6XM1WKk=",
      "requires": {
        "node-fetch": "1.7.3",
        "whatwg-fetch": "2.0.4"
      }
    },
    "js-tokens": {
      "version": "3.0.2",
      "resolved": "https://registry.npmjs.org/js-tokens/-/js-tokens-3.0.2.tgz",
      "integrity": "sha1-mGbfOVECEw449/mWvOtlRDIJwls="
    },
    "lodash": {
      "version": "4.17.10",
      "resolved": "https://registry.npmjs.org/lodash/-/lodash-4.17.10.tgz",
      "integrity": "sha512-UejweD1pDoXu+AD825lWwp4ZGtSwgnpZxb3JDViD7StjQz+Nb/6l093lx4OQ0foGWNRoc19mWy7BzL+UAK2iVg=="
    },
    "lodash-es": {
      "version": "4.17.10",
      "resolved": "https://registry.npmjs.org/lodash-es/-/lodash-es-4.17.10.tgz",
      "integrity": "sha512-iesFYPmxYYGTcmQK0sL8bX3TGHyM6b2qREaB4kamHfQyfPJP0xgoGxp19nsH16nsfquLdiyKyX3mQkfiSGV8Rg=="
    },
    "loose-envify": {
      "version": "1.3.1",
      "resolved": "https://registry.npmjs.org/loose-envify/-/loose-envify-1.3.1.tgz",
      "integrity": "sha1-0aitM/qc4OcT1l/dCsi3SNR4yEg=",
      "requires": {
        "js-tokens": "3.0.2"
      }
    },
    "node-fetch": {
      "version": "1.7.3",
      "resolved": "https://registry.npmjs.org/node-fetch/-/node-fetch-1.7.3.tgz",
      "integrity": "sha512-NhZ4CsKx7cYm2vSrBAr2PvFOe6sWDf0UYLRqA6svUYg7+/TSfVAu49jYC4BvQ4Sms9SZgdqGBgroqfDhJdTyKQ==",
      "requires": {
        "encoding": "0.1.12",
        "is-stream": "1.1.0"
      }
    },
    "object-assign": {
      "version": "4.1.1",
      "resolved": "https://registry.npmjs.org/object-assign/-/object-assign-4.1.1.tgz",
      "integrity": "sha1-IQmtx5ZYh8/AXLvUQsrIv7s2CGM="
    },
    "promise": {
      "version": "7.3.1",
      "resolved": "https://registry.npmjs.org/promise/-/promise-7.3.1.tgz",
      "integrity": "sha512-nolQXZ/4L+bP/UGlkfaIujX9BKxGwmQ9OT4mOt5yvy8iK1h3wqTEJCijzGANTCCl9nWjY41juyAn2K3Q1hLLTg==",
      "requires": {
        "asap": "2.0.6"
      }
    },
    "prop-types": {
      "version": "15.6.1",
      "resolved": "https://registry.npmjs.org/prop-types/-/prop-types-15.6.1.tgz",
      "integrity": "sha512-4ec7bY1Y66LymSUOH/zARVYObB23AT2h8cf6e/O6ZALB/N0sqZFEx7rq6EYPX2MkOdKORuooI/H5k9TlR4q7kQ==",
      "requires": {
        "fbjs": "0.8.16",
        "loose-envify": "1.3.1",
        "object-assign": "4.1.1"
      }
    },
    "react": {
      "version": "16.4.0",
      "resolved": "https://registry.npmjs.org/react/-/react-16.4.0.tgz",
      "integrity": "sha512-K0UrkLXSAekf5nJu89obKUM7o2vc6MMN9LYoKnCa+c+8MJRAT120xzPLENcWSRc7GYKIg0LlgJRDorrufdglQQ==",
      "requires": {
        "fbjs": "0.8.16",
        "loose-envify": "1.3.1",
        "object-assign": "4.1.1",
        "prop-types": "15.6.1"
      }
    },
    "react-dnd": {
      "version": "4.0.4",
      "resolved": "https://registry.npmjs.org/react-dnd/-/react-dnd-4.0.4.tgz",
      "integrity": "sha1-ogTLviFy4VVgF5vb8uK4v1fooa8=",
      "requires": {
        "@types/invariant": "2.2.29",
        "@types/lodash": "4.14.109",
        "@types/node": "10.3.2",
        "@types/prop-types": "15.5.3",
        "@types/react": "16.3.17",
        "@types/react-dom": "16.0.6",
        "@types/shallowequal": "0.2.2",
        "dnd-core": "4.0.4",
        "hoist-non-react-statics": "2.5.0",
        "invariant": "2.2.4",
        "lodash": "4.17.10",
        "prop-types": "15.6.1",
        "shallowequal": "1.0.2"
      }
    },
    "react-dnd-html5-backend": {
      "version": "4.0.4",
      "resolved": "https://registry.npmjs.org/react-dnd-html5-backend/-/react-dnd-html5-backend-4.0.4.tgz",
      "integrity": "sha1-2Cj47l3rXAnCTq96QJY70eRbVzA=",
      "requires": {
        "@types/lodash": "4.14.109",
        "@types/react": "16.3.17",
        "@types/shallowequal": "0.2.2",
        "autobind-decorator": "2.1.0",
        "dnd-core": "4.0.4",
        "lodash": "4.17.10",
        "shallowequal": "1.0.2"
      }
    },
    "react-dnd-preview": {
      "version": "3.0.7",
      "requires": {
        "prop-types": "15.6.0",
        "react": "16.2.0",
        "react-dnd": "4.0.4"
      },
      "dependencies": {
        "@types/invariant": {
          "version": "2.2.29",
          "bundled": true
        },
        "@types/lodash": {
          "version": "4.14.109",
          "bundled": true
        },
        "@types/node": {
          "version": "10.3.2",
          "bundled": true
        },
        "@types/prop-types": {
          "version": "15.5.3",
          "bundled": true
        },
        "@types/react": {
          "version": "16.3.17",
          "bundled": true,
          "requires": {
            "csstype": "2.5.3"
          }
        },
        "@types/react-dom": {
          "version": "16.0.6",
          "bundled": true,
          "requires": {
            "@types/node": "10.3.2",
            "@types/react": "16.3.17"
          }
        },
        "@types/shallowequal": {
          "version": "0.2.2",
          "bundled": true
        },
        "asap": {
          "version": "2.0.6",
          "bundled": true
        },
        "core-js": {
          "version": "1.2.7",
          "bundled": true
        },
        "csstype": {
          "version": "2.5.3",
          "bundled": true
        },
        "dnd-core": {
          "version": "4.0.4",
          "bundled": true,
          "requires": {
            "@types/invariant": "2.2.29",
            "@types/lodash": "4.14.109",
            "asap": "2.0.6",
            "invariant": "2.2.4",
            "lodash": "4.17.10",
            "redux": "4.0.0"
          }
        },
        "encoding": {
          "version": "0.1.12",
          "bundled": true,
          "requires": {
            "iconv-lite": "0.4.19"
          }
        },
        "fbjs": {
          "version": "0.8.16",
          "bundled": true,
          "requires": {
            "core-js": "1.2.7",
            "isomorphic-fetch": "2.2.1",
            "loose-envify": "1.3.1",
            "object-assign": "4.1.1",
            "promise": "7.3.1",
            "setimmediate": "1.0.5",
            "ua-parser-js": "0.7.17"
          }
        },
        "hoist-non-react-statics": {
          "version": "2.5.0",
          "bundled": true
        },
        "iconv-lite": {
          "version": "0.4.19",
          "bundled": true
        },
        "invariant": {
          "version": "2.2.4",
          "bundled": true,
          "requires": {
            "loose-envify": "1.3.1"
          }
        },
        "is-stream": {
          "version": "1.1.0",
          "bundled": true
        },
        "isomorphic-fetch": {
          "version": "2.2.1",
          "bundled": true,
          "requires": {
            "node-fetch": "1.7.3",
            "whatwg-fetch": "2.0.3"
          }
        },
        "js-tokens": {
          "version": "3.0.2",
          "bundled": true
        },
        "lodash": {
          "version": "4.17.10",
          "bundled": true
        },
        "loose-envify": {
          "version": "1.3.1",
          "bundled": true,
          "requires": {
            "js-tokens": "3.0.2"
          }
        },
        "node-fetch": {
          "version": "1.7.3",
          "bundled": true,
          "requires": {
            "encoding": "0.1.12",
            "is-stream": "1.1.0"
          }
        },
        "object-assign": {
          "version": "4.1.1",
          "bundled": true
        },
        "promise": {
          "version": "7.3.1",
          "bundled": true,
          "requires": {
            "asap": "2.0.6"
          }
        },
        "prop-types": {
          "version": "15.6.0",
          "bundled": true,
          "requires": {
            "fbjs": "0.8.16",
            "loose-envify": "1.3.1",
            "object-assign": "4.1.1"
          }
        },
        "react": {
          "version": "16.2.0",
          "bundled": true,
          "requires": {
            "fbjs": "0.8.16",
            "loose-envify": "1.3.1",
            "object-assign": "4.1.1",
            "prop-types": "15.6.0"
          }
        },
        "react-dnd": {
          "version": "4.0.4",
          "bundled": true,
          "requires": {
            "@types/invariant": "2.2.29",
            "@types/lodash": "4.14.109",
            "@types/node": "10.3.2",
            "@types/prop-types": "15.5.3",
            "@types/react": "16.3.17",
            "@types/react-dom": "16.0.6",
            "@types/shallowequal": "0.2.2",
            "dnd-core": "4.0.4",
            "hoist-non-react-statics": "2.5.0",
            "invariant": "2.2.4",
            "lodash": "4.17.10",
            "prop-types": "15.6.1",
            "shallowequal": "1.0.2"
          },
          "dependencies": {
            "prop-types": {
              "version": "15.6.1",
              "bundled": true,
              "requires": {
                "fbjs": "0.8.16",
                "loose-envify": "1.3.1",
                "object-assign": "4.1.1"
              }
            }
          }
        },
        "redux": {
          "version": "4.0.0",
          "bundled": true,
          "requires": {
            "loose-envify": "1.3.1",
            "symbol-observable": "1.2.0"
          }
        },
        "setimmediate": {
          "version": "1.0.5",
          "bundled": true
        },
        "shallowequal": {
          "version": "1.0.2",
          "bundled": true
        },
        "symbol-observable": {
          "version": "1.2.0",
          "bundled": true
        },
        "ua-parser-js": {
          "version": "0.7.17",
          "bundled": true
        },
        "whatwg-fetch": {
          "version": "2.0.3",
          "bundled": true
        }
      }
    },
    "react-dnd-touch-backend": {
      "version": "0.4.0",
      "resolved": "https://registry.npmjs.org/react-dnd-touch-backend/-/react-dnd-touch-backend-0.4.0.tgz",
      "integrity": "sha512-jQM8DXVGQRI5Ypj97NG8FSK9OkaArWmT1NcRxgFZSJKp61SCXQOLRyrCeWVwZ7tUMxJ7wImx4pna7h2bKKgAUA==",
      "requires": {
        "invariant": "2.2.4",
        "react-dnd": "2.6.0"
      },
      "dependencies": {
        "dnd-core": {
          "version": "2.6.0",
          "resolved": "https://registry.npmjs.org/dnd-core/-/dnd-core-2.6.0.tgz",
          "integrity": "sha1-ErrWbVh0LG5ffPKUP7aFlED4CcQ=",
          "requires": {
            "asap": "2.0.6",
            "invariant": "2.2.4",
            "lodash": "4.17.10",
            "redux": "3.7.2"
          }
        },
        "react-dnd": {
          "version": "2.6.0",
          "resolved": "https://registry.npmjs.org/react-dnd/-/react-dnd-2.6.0.tgz",
          "integrity": "sha1-f6JWds+CfViokSk+PBq1naACVFo=",
          "requires": {
            "disposables": "1.0.2",
            "dnd-core": "2.6.0",
            "hoist-non-react-statics": "2.5.0",
            "invariant": "2.2.4",
            "lodash": "4.17.10",
            "prop-types": "15.6.1"
          }
        },
        "redux": {
          "version": "3.7.2",
          "resolved": "https://registry.npmjs.org/redux/-/redux-3.7.2.tgz",
          "integrity": "sha512-pNqnf9q1hI5HHZRBkj3bAngGZW/JMCmexDlOxw4XagXY2o1327nHH54LoTjiPJ0gizoqPDRqWyX/00g0hD6w+A==",
          "requires": {
            "lodash": "4.17.10",
            "lodash-es": "4.17.10",
            "loose-envify": "1.3.1",
            "symbol-observable": "1.2.0"
          }
        }
      }
    },
    "react-dom": {
      "version": "16.4.1",
      "resolved": "https://registry.npmjs.org/react-dom/-/react-dom-16.4.1.tgz",
      "integrity": "sha512-1Gin+wghF/7gl4Cqcvr1DxFX2Osz7ugxSwl6gBqCMpdrxHjIFUS7GYxrFftZ9Ln44FHw0JxCFD9YtZsrbR5/4A==",
      "requires": {
        "fbjs": "0.8.16",
        "loose-envify": "1.3.1",
        "object-assign": "4.1.1",
        "prop-types": "15.6.1"
      }
    },
    "redux": {
      "version": "4.0.0",
      "resolved": "https://registry.npmjs.org/redux/-/redux-4.0.0.tgz",
      "integrity": "sha512-NnnHF0h0WVE/hXyrB6OlX67LYRuaf/rJcbWvnHHEPCF/Xa/AZpwhs/20WyqzQae5x4SD2F9nPObgBh2rxAgLiA==",
      "requires": {
        "loose-envify": "1.3.1",
        "symbol-observable": "1.2.0"
      }
    },
    "safer-buffer": {
      "version": "2.1.2",
      "resolved": "https://registry.npmjs.org/safer-buffer/-/safer-buffer-2.1.2.tgz",
      "integrity": "sha512-YZo3K82SD7Riyi0E1EQPojLz7kpepnSQI9IyPbHHg1XXXevb5dJI7tpyN2ADxGcQbHG7vcyRHk0cbwqcQriUtg=="
    },
    "setimmediate": {
      "version": "1.0.5",
      "resolved": "https://registry.npmjs.org/setimmediate/-/setimmediate-1.0.5.tgz",
      "integrity": "sha1-KQy7Iy4waULX1+qbg3Mqt4VvgoU="
    },
    "shallowequal": {
      "version": "1.0.2",
      "resolved": "https://registry.npmjs.org/shallowequal/-/shallowequal-1.0.2.tgz",
      "integrity": "sha512-zlVXeVUKvo+HEv1e2KQF/csyeMKx2oHvatQ9l6XjCUj3agvC8XGf6R9HvIPDSmp8FNPvx7b5kaEJTRi7CqxtEw=="
    },
    "symbol-observable": {
      "version": "1.2.0",
      "resolved": "https://registry.npmjs.org/symbol-observable/-/symbol-observable-1.2.0.tgz",
      "integrity": "sha512-e900nM8RRtGhlV36KGEU9k65K3mPb1WV70OdjfxlG2EAuM1noi/E/BaW/uMhL7bPEssK8QV57vN3esixjUvcXQ=="
    },
    "ua-parser-js": {
      "version": "0.7.18",
      "resolved": "https://registry.npmjs.org/ua-parser-js/-/ua-parser-js-0.7.18.tgz",
      "integrity": "sha512-LtzwHlVHwFGTptfNSgezHp7WUlwiqb0gA9AALRbKaERfxwJoiX0A73QbTToxteIAuIaFshhgIZfqK8s7clqgnA=="
    },
    "whatwg-fetch": {
      "version": "2.0.4",
      "resolved": "https://registry.npmjs.org/whatwg-fetch/-/whatwg-fetch-2.0.4.tgz",
      "integrity": "sha512-dcQ1GWpOD/eEQ97k66aiEVpNnapVj90/+R+SXTPYGHpYBBypfKJEQjLrvMZ7YXbKm21gXd4NcuxUTjiv1YtLng=="
    }
  }
}
