{
  "requires": true,
  "lockfileVersion": 1,
  "dependencies": {
    "@types/asap": {
      "version": "2.0.0",
      "resolved": "https://registry.npmjs.org/@types/asap/-/asap-2.0.0.tgz",
      "integrity": "sha512-upIS0Gt9Mc8eEpCbYMZ1K8rhNosfKUtimNcINce+zLwJF5UpM3Vv7yz3S5l/1IX+DxTa8lTkUjqynvjRXyJzsg=="
    },
    "@types/invariant": {
      "version": "2.2.30",
      "resolved": "https://registry.npmjs.org/@types/invariant/-/invariant-2.2.30.tgz",
      "integrity": "sha512-98fB+yo7imSD2F7PF7GIpELNgtLNgo5wjivu0W5V4jx+KVVJxo6p/qN4zdzSTBWy4/sN3pPyXwnhRSD28QX+ag=="
    },
    "asap": {
      "version": "2.0.6",
      "resolved": "https://registry.npmjs.org/asap/-/asap-2.0.6.tgz",
      "integrity": "sha1-5QNHYR1+aQlDIIu9r+vLwvuGbUY="
    },
    "dnd-core": {
      "version": "9.4.0",
      "resolved": "https://registry.npmjs.org/dnd-core/-/dnd-core-9.4.0.tgz",
      "integrity": "sha512-Kg+8VwU8s7TgdR/BUYGUHrvFiS+5ePMZ0Q0XD7p+cFVJvgKqykBaeQDuaziuauFMPm8QxtnUy8Pncey9flXW3Q==",
      "requires": {
        "@types/asap": "^2.0.0",
        "@types/invariant": "^2.2.30",
        "asap": "^2.0.6",
        "invariant": "^2.2.4",
        "redux": "^4.0.4"
      }
    },
    "dnd-multi-backend": {
      "version": "4.0.0",
      "resolved": "https://registry.npmjs.org/dnd-multi-backend/-/dnd-multi-backend-4.0.0.tgz",
      "integrity": "sha512-u/wlDXZBs1hBLw01yN7XBg6z4jKnQ8e9IEpF2KZubgWWlwC12M3hzPVNrQdLZ1h828Zv57aFKLZUI+FKDD+wvg=="
    },
    "invariant": {
      "version": "2.2.4",
      "resolved": "https://registry.npmjs.org/invariant/-/invariant-2.2.4.tgz",
      "integrity": "sha512-phJfQVBuaJM5raOpJjSfkiD6BpbCE4Ns//LaXl6wGYtUBY83nWS6Rf9tXm2e8VaK60JEjYldbPif/A2B1C2gNA==",
      "requires": {
        "loose-envify": "^1.0.0"
      }
    },
    "js-tokens": {
      "version": "4.0.0",
      "resolved": "https://registry.npmjs.org/js-tokens/-/js-tokens-4.0.0.tgz",
      "integrity": "sha512-RdJUflcE3cUzKiMqQgsCu06FPu9UdIJO0beYbPhHN4k6apgJtifcoCtT9bcxOpYBtpD2kCM6Sbzg4CausW/PKQ=="
    },
    "loose-envify": {
      "version": "1.4.0",
      "resolved": "https://registry.npmjs.org/loose-envify/-/loose-envify-1.4.0.tgz",
      "integrity": "sha512-lyuxPGr/Wfhrlem2CL/UcnUc1zcqKAImBDzukY7Y5F/yQiNdko6+fRLevlw1HgMySw7f611UIY408EtxRSoK3Q==",
      "requires": {
        "js-tokens": "^3.0.0 || ^4.0.0"
      }
    },
    "object-assign": {
      "version": "4.1.1",
      "resolved": "https://registry.npmjs.org/object-assign/-/object-assign-4.1.1.tgz",
      "integrity": "sha1-IQmtx5ZYh8/AXLvUQsrIv7s2CGM="
    },
    "prop-types": {
      "version": "15.7.2",
      "resolved": "https://registry.npmjs.org/prop-types/-/prop-types-15.7.2.tgz",
      "integrity": "sha512-8QQikdH7//R2vurIJSutZ1smHYTcLpRWEOlHnzcWHmBYrOGUysKwSsrC89BCiFj3CbrfJ/nXFdJepOVrY1GCHQ==",
      "requires": {
        "loose-envify": "^1.4.0",
        "object-assign": "^4.1.1",
        "react-is": "^16.8.1"
      }
    },
    "react-dnd-html5-backend": {
      "version": "9.4.0",
      "resolved": "https://registry.npmjs.org/react-dnd-html5-backend/-/react-dnd-html5-backend-9.4.0.tgz",
      "integrity": "sha512-gehPwLp505F6RoFkQiDX7Q4mbpbyfyT0TbIoZop/m4vkBw6yUE/QLrnxBQdNpDPSwL/9XkZxxd/PrbeMCQ+WrQ==",
      "requires": {
        "dnd-core": "^9.4.0"
      }
    },
    "react-dnd-preview": {
      "version": "4.0.0",
      "resolved": "https://registry.npmjs.org/react-dnd-preview/-/react-dnd-preview-4.0.0.tgz",
      "integrity": "sha512-jqipbenEfwwZEFb15tjMN+5XWIU298QwYTxvt1inDlzN3PuieMvlJ0MHcnN2YFBh1uPXIGe1s4OX/jVsBrKYjQ==",
      "requires": {
        "prop-types": "^15.6.2"
      }
    },
    "react-dnd-touch-backend": {
      "version": "9.4.0",
      "resolved": "https://registry.npmjs.org/react-dnd-touch-backend/-/react-dnd-touch-backend-9.4.0.tgz",
      "integrity": "sha512-yJjFhgslriSTIEXQ/Q5MrLnETJaoyRct+AsJ//e96WOH2pUNMGSxkl8RIb/IMhNysVnMc8frLIyT8dQxXAcmGA==",
      "requires": {
        "@types/invariant": "^2.2.30",
        "dnd-core": "^9.4.0",
        "invariant": "^2.2.4"
      }
    },
    "react-is": {
      "version": "16.10.2",
      "resolved": "https://registry.npmjs.org/react-is/-/react-is-16.10.2.tgz",
      "integrity": "sha512-INBT1QEgtcCCgvccr5/86CfD71fw9EPmDxgiJX4I2Ddr6ZsV6iFXsuby+qWJPtmNuMY0zByTsG4468P7nHuNWA=="
    },
    "redux": {
      "version": "4.0.4",
      "resolved": "https://registry.npmjs.org/redux/-/redux-4.0.4.tgz",
      "integrity": "sha512-vKv4WdiJxOWKxK0yRoaK3Y4pxxB0ilzVx6dszU2W8wLxlb2yikRph4iV/ymtdJ6ZxpBLFbyrxklnT5yBbQSl3Q==",
      "requires": {
        "loose-envify": "^1.4.0",
        "symbol-observable": "^1.2.0"
      }
    },
    "symbol-observable": {
      "version": "1.2.0",
      "resolved": "https://registry.npmjs.org/symbol-observable/-/symbol-observable-1.2.0.tgz",
      "integrity": "sha512-e900nM8RRtGhlV36KGEU9k65K3mPb1WV70OdjfxlG2EAuM1noi/E/BaW/uMhL7bPEssK8QV57vN3esixjUvcXQ=="
    }
  }
}
