{
  "name": "react-dnd-multi-backend",
  "version": "7.0.0-alpha.1",
  "lockfileVersion": 2,
  "requires": true,
  "packages": {
    "": {
      "version": "7.0.0-alpha.1",
      "license": "MIT",
      "dependencies": {
        "dnd-multi-backend": "^7.0.0-alpha.1",
        "react-dnd-preview": "^7.0.0-alpha.1"
      },
      "peerDependencies": {
        "react": "^17.0.2",
        "react-dom": "^17.0.2"
      }
    },
    "../dnd-multi-backend": {
      "version": "7.0.0-alpha.1",
      "license": "MIT"
    },
    "../react-dnd-preview": {
      "version": "7.0.0-alpha.1",
      "license": "MIT",
      "peerDependencies": {
        "react": "^17.0.2",
        "react-dnd": "^14.0.2"
      }
    },
    "../react-dnd-preview/node_modules/@react-dnd/asap": {
      "version": "4.0.0",
      "license": "MIT",
      "peer": true
    },
    "../react-dnd-preview/node_modules/@react-dnd/invariant": {
      "version": "2.0.0",
      "license": "MIT",
      "peer": true
    },
    "../react-dnd-preview/node_modules/@react-dnd/shallowequal": {
      "version": "2.0.0",
      "license": "MIT",
      "peer": true
    },
    "../react-dnd-preview/node_modules/dnd-core": {
      "version": "14.0.0",
      "license": "MIT",
      "peer": true,
      "dependencies": {
        "@react-dnd/asap": "^4.0.0",
        "@react-dnd/invariant": "^2.0.0",
        "redux": "^4.0.5"
      }
    },
    "../react-dnd-preview/node_modules/fast-deep-equal": {
      "version": "3.1.3",
      "license": "MIT",
      "peer": true
    },
    "../react-dnd-preview/node_modules/hoist-non-react-statics": {
      "version": "3.3.2",
      "license": "BSD-3-Clause",
      "peer": true,
      "dependencies": {
        "react-is": "^16.7.0"
      }
    },
    "../react-dnd-preview/node_modules/js-tokens": {
      "version": "4.0.0",
      "license": "MIT",
      "peer": true
    },
    "../react-dnd-preview/node_modules/loose-envify": {
      "version": "1.4.0",
      "license": "MIT",
      "peer": true,
      "dependencies": {
        "js-tokens": "^3.0.0 || ^4.0.0"
      },
      "bin": {
        "loose-envify": "cli.js"
      }
    },
    "../react-dnd-preview/node_modules/object-assign": {
      "version": "4.1.1",
      "license": "MIT",
      "peer": true,
      "engines": {
        "node": ">=0.10.0"
      }
    },
    "../react-dnd-preview/node_modules/react": {
      "version": "17.0.2",
      "license": "MIT",
      "peer": true,
      "dependencies": {
        "loose-envify": "^1.1.0",
        "object-assign": "^4.1.1"
      },
      "engines": {
        "node": ">=0.10.0"
      }
    },
    "../react-dnd-preview/node_modules/react-dnd": {
      "version": "14.0.2",
      "license": "MIT",
      "peer": true,
      "dependencies": {
        "@react-dnd/invariant": "^2.0.0",
        "@react-dnd/shallowequal": "^2.0.0",
        "dnd-core": "14.0.0",
        "fast-deep-equal": "^3.1.3",
        "hoist-non-react-statics": "^3.3.2"
      },
      "peerDependencies": {
        "@types/hoist-non-react-statics": ">= 3.3.1",
        "@types/node": ">= 12",
        "@types/react": ">= 16",
        "react": ">= 16.14"
      },
      "peerDependenciesMeta": {
        "@types/hoist-non-react-statics": {
          "optional": true
        },
        "@types/node": {
          "optional": true
        },
        "@types/react": {
          "optional": true
        }
      }
    },
    "../react-dnd-preview/node_modules/react-is": {
      "version": "16.13.1",
      "license": "MIT",
      "peer": true
    },
    "../react-dnd-preview/node_modules/redux": {
      "version": "4.0.5",
      "license": "MIT",
      "peer": true,
      "dependencies": {
        "loose-envify": "^1.4.0",
        "symbol-observable": "^1.2.0"
      }
    },
    "../react-dnd-preview/node_modules/symbol-observable": {
      "version": "1.2.0",
      "license": "MIT",
      "peer": true,
      "engines": {
        "node": ">=0.10.0"
      }
    },
    "node_modules/dnd-multi-backend": {
      "resolved": "../dnd-multi-backend",
      "link": true
    },
    "node_modules/js-tokens": {
      "version": "4.0.0",
      "resolved": "https://registry.npmjs.org/js-tokens/-/js-tokens-4.0.0.tgz",
      "integrity": "sha512-RdJUflcE3cUzKiMqQgsCu06FPu9UdIJO0beYbPhHN4k6apgJtifcoCtT9bcxOpYBtpD2kCM6Sbzg4CausW/PKQ==",
      "peer": true
    },
    "node_modules/loose-envify": {
      "version": "1.4.0",
      "resolved": "https://registry.npmjs.org/loose-envify/-/loose-envify-1.4.0.tgz",
      "integrity": "sha512-lyuxPGr/Wfhrlem2CL/UcnUc1zcqKAImBDzukY7Y5F/yQiNdko6+fRLevlw1HgMySw7f611UIY408EtxRSoK3Q==",
      "peer": true,
      "dependencies": {
        "js-tokens": "^3.0.0 || ^4.0.0"
      },
      "bin": {
        "loose-envify": "cli.js"
      }
    },
    "node_modules/object-assign": {
      "version": "4.1.1",
      "resolved": "https://registry.npmjs.org/object-assign/-/object-assign-4.1.1.tgz",
      "integrity": "sha1-IQmtx5ZYh8/AXLvUQsrIv7s2CGM=",
      "peer": true,
      "engines": {
        "node": ">=0.10.0"
      }
    },
    "node_modules/react": {
      "version": "17.0.2",
      "resolved": "https://registry.npmjs.org/react/-/react-17.0.2.tgz",
      "integrity": "sha512-gnhPt75i/dq/z3/6q/0asP78D0u592D5L1pd7M8P+dck6Fu/jJeL6iVVK23fptSUZj8Vjf++7wXA8UNclGQcbA==",
      "peer": true,
      "dependencies": {
        "loose-envify": "^1.1.0",
        "object-assign": "^4.1.1"
      },
      "engines": {
        "node": ">=0.10.0"
      }
    },
    "node_modules/react-dnd-preview": {
      "resolved": "../react-dnd-preview",
      "link": true
    },
    "node_modules/react-dom": {
      "version": "17.0.2",
      "resolved": "https://registry.npmjs.org/react-dom/-/react-dom-17.0.2.tgz",
      "integrity": "sha512-s4h96KtLDUQlsENhMn1ar8t2bEa+q/YAtj8pPPdIjPDGBDIVNsrD9aXNWqspUe6AzKCIG0C1HZZLqLV7qpOBGA==",
      "peer": true,
      "dependencies": {
        "loose-envify": "^1.1.0",
        "object-assign": "^4.1.1",
        "scheduler": "^0.20.2"
      },
      "peerDependencies": {
        "react": "17.0.2"
      }
    },
    "node_modules/scheduler": {
      "version": "0.20.2",
      "resolved": "https://registry.npmjs.org/scheduler/-/scheduler-0.20.2.tgz",
      "integrity": "sha512-2eWfGgAqqWFGqtdMmcL5zCMK1U8KlXv8SQFGglL3CEtd0aDVDWgeF/YoCmvln55m5zSk3J/20hTaSBeSObsQDQ==",
      "peer": true,
      "dependencies": {
        "loose-envify": "^1.1.0",
        "object-assign": "^4.1.1"
      }
    }
  },
  "dependencies": {
    "dnd-multi-backend": {
      "version": "file:../dnd-multi-backend"
    },
    "js-tokens": {
      "version": "4.0.0",
      "resolved": "https://registry.npmjs.org/js-tokens/-/js-tokens-4.0.0.tgz",
      "integrity": "sha512-RdJUflcE3cUzKiMqQgsCu06FPu9UdIJO0beYbPhHN4k6apgJtifcoCtT9bcxOpYBtpD2kCM6Sbzg4CausW/PKQ==",
      "peer": true
    },
    "loose-envify": {
      "version": "1.4.0",
      "resolved": "https://registry.npmjs.org/loose-envify/-/loose-envify-1.4.0.tgz",
      "integrity": "sha512-lyuxPGr/Wfhrlem2CL/UcnUc1zcqKAImBDzukY7Y5F/yQiNdko6+fRLevlw1HgMySw7f611UIY408EtxRSoK3Q==",
      "peer": true,
      "requires": {
        "js-tokens": "^3.0.0 || ^4.0.0"
      }
    },
    "object-assign": {
      "version": "4.1.1",
      "resolved": "https://registry.npmjs.org/object-assign/-/object-assign-4.1.1.tgz",
      "integrity": "sha1-IQmtx5ZYh8/AXLvUQsrIv7s2CGM=",
      "peer": true
    },
    "react": {
      "version": "17.0.2",
      "resolved": "https://registry.npmjs.org/react/-/react-17.0.2.tgz",
      "integrity": "sha512-gnhPt75i/dq/z3/6q/0asP78D0u592D5L1pd7M8P+dck6Fu/jJeL6iVVK23fptSUZj8Vjf++7wXA8UNclGQcbA==",
      "peer": true,
      "requires": {
        "loose-envify": "^1.1.0",
        "object-assign": "^4.1.1"
      }
    },
    "react-dnd-preview": {
      "version": "file:../react-dnd-preview",
      "requires": {},
      "dependencies": {
        "@react-dnd/asap": {
          "version": "4.0.0",
          "peer": true
        },
        "@react-dnd/invariant": {
          "version": "2.0.0",
          "peer": true
        },
        "@react-dnd/shallowequal": {
          "version": "2.0.0",
          "peer": true
        },
        "dnd-core": {
          "version": "14.0.0",
          "peer": true,
          "requires": {
            "@react-dnd/asap": "^4.0.0",
            "@react-dnd/invariant": "^2.0.0",
            "redux": "^4.0.5"
          }
        },
        "fast-deep-equal": {
          "version": "3.1.3",
          "peer": true
        },
        "hoist-non-react-statics": {
          "version": "3.3.2",
          "peer": true,
          "requires": {
            "react-is": "^16.7.0"
          }
        },
        "js-tokens": {
          "version": "4.0.0",
          "peer": true
        },
        "loose-envify": {
          "version": "1.4.0",
          "peer": true,
          "requires": {
            "js-tokens": "^3.0.0 || ^4.0.0"
          }
        },
        "object-assign": {
          "version": "4.1.1",
          "peer": true
        },
        "react": {
          "version": "17.0.2",
          "peer": true,
          "requires": {
            "loose-envify": "^1.1.0",
            "object-assign": "^4.1.1"
          }
        },
        "react-dnd": {
          "version": "14.0.2",
          "peer": true,
          "requires": {
            "@react-dnd/invariant": "^2.0.0",
            "@react-dnd/shallowequal": "^2.0.0",
            "dnd-core": "14.0.0",
            "fast-deep-equal": "^3.1.3",
            "hoist-non-react-statics": "^3.3.2"
          }
        },
        "react-is": {
          "version": "16.13.1",
          "peer": true
        },
        "redux": {
          "version": "4.0.5",
          "peer": true,
          "requires": {
            "loose-envify": "^1.4.0",
            "symbol-observable": "^1.2.0"
          }
        },
        "symbol-observable": {
          "version": "1.2.0",
          "peer": true
        }
      }
    },
    "react-dom": {
      "version": "17.0.2",
      "resolved": "https://registry.npmjs.org/react-dom/-/react-dom-17.0.2.tgz",
      "integrity": "sha512-s4h96KtLDUQlsENhMn1ar8t2bEa+q/YAtj8pPPdIjPDGBDIVNsrD9aXNWqspUe6AzKCIG0C1HZZLqLV7qpOBGA==",
      "peer": true,
      "requires": {
        "loose-envify": "^1.1.0",
        "object-assign": "^4.1.1",
        "scheduler": "^0.20.2"
      }
    },
    "scheduler": {
      "version": "0.20.2",
      "resolved": "https://registry.npmjs.org/scheduler/-/scheduler-0.20.2.tgz",
      "integrity": "sha512-2eWfGgAqqWFGqtdMmcL5zCMK1U8KlXv8SQFGglL3CEtd0aDVDWgeF/YoCmvln55m5zSk3J/20hTaSBeSObsQDQ==",
      "peer": true,
      "requires": {
        "loose-envify": "^1.1.0",
        "object-assign": "^4.1.1"
      }
    }
  }
}
